
Microsoft Visual Studio Solution File, Format Version 12.00
# Visual Studio Version 17
VisualStudioVersion = 17.9.34728.123
MinimumVisualStudioVersion = 10.0.40219.1
Project("{FAE04EC0-301F-11D3-BF4B-00C04F79EFBC}") = "CRUD", "CRUD\CRUD.csproj", "{12F74724-CEC5-4030-9731-3BAA21512F91}"
EndProject
Global
	GlobalSection(SolutionConfigurationPlatforms) = preSolution
		Debug|Any CPU = Debug|Any CPU
		Release|Any CPU = Release|Any CPU
	EndGlobalSection
	GlobalSection(ProjectConfigurationPlatforms) = postSolution
		{12F74724-CEC5-4030-9731-3BAA21512F91}.Debug|Any CPU.ActiveCfg = Debug|Any CPU
		{12F74724-CEC5-4030-9731-3BAA21512F91}.Debug|Any CPU.Build.0 = Debug|Any CPU
		{12F74724-CEC5-4030-9731-3BAA21512F91}.Release|Any CPU.ActiveCfg = Release|Any CPU
		{12F74724-CEC5-4030-9731-3BAA21512F91}.Release|Any CPU.Build.0 = Release|Any CPU
	EndGlobalSection
	GlobalSection(SolutionProperties) = preSolution
		HideSolutionNode = FALSE
	EndGlobalSection
	GlobalSection(ExtensibilityGlobals) = postSolution
		SolutionGuid = {667475A2-D932-44C0-9916-4400114E31A8}
	EndGlobalSection
EndGlobal
